
Microsoft Visual Studio Solution File, Format Version 12.00
# Visual Studio Version 17
VisualStudioVersion = 17.7.34031.279
MinimumVisualStudioVersion = 10.0.40219.1
Project("{FAE04EC0-301F-11D3-BF4B-00C04F79EFBC}") = "Triangulo.Android", "Triangulo\Triangulo.Android\Triangulo.Android.csproj", "{BCEEF8E0-0333-4A67-9BF7-691B8554EE58}"
EndProject
Project("{FAE04EC0-301F-11D3-BF4B-00C04F79EFBC}") = "Triangulo.iOS", "Triangulo\Triangulo.iOS\Triangulo.iOS.csproj", "{F464FBCE-B7CA-42CF-961B-74B8A686E865}"
EndProject
Project("{FAE04EC0-301F-11D3-BF4B-00C04F79EFBC}") = "Triangulo", "Triangulo\Triangulo\Triangulo.csproj", "{8B8E4D7E-4ED0-45C7-9FA3-1C75F5A3C2C4}"
EndProject
Global
	GlobalSection(SolutionConfigurationPlatforms) = preSolution
		Debug|Any CPU = Debug|Any CPU
		Debug|iPhone = Debug|iPhone
		Debug|iPhoneSimulator = Debug|iPhoneSimulator
		Release|Any CPU = Release|Any CPU
		Release|iPhone = Release|iPhone
		Release|iPhoneSimulator = Release|iPhoneSimulator
	EndGlobalSection
	GlobalSection(ProjectConfigurationPlatforms) = postSolution
		{BCEEF8E0-0333-4A67-9BF7-691B8554EE58}.Debug|Any CPU.ActiveCfg = Debug|Any CPU
		{BCEEF8E0-0333-4A67-9BF7-691B8554EE58}.Debug|Any CPU.Build.0 = Debug|Any CPU
		{BCEEF8E0-0333-4A67-9BF7-691B8554EE58}.Debug|Any CPU.Deploy.0 = Debug|Any CPU
		{BCEEF8E0-0333-4A67-9BF7-691B8554EE58}.Debug|iPhone.ActiveCfg = Debug|Any CPU
		{BCEEF8E0-0333-4A67-9BF7-691B8554EE58}.Debug|iPhone.Build.0 = Debug|Any CPU
		{BCEEF8E0-0333-4A67-9BF7-691B8554EE58}.Debug|iPhone.Deploy.0 = Debug|Any CPU
		{BCEEF8E0-0333-4A67-9BF7-691B8554EE58}.Debug|iPhoneSimulator.ActiveCfg = Debug|Any CPU
		{BCEEF8E0-0333-4A67-9BF7-691B8554EE58}.Debug|iPhoneSimulator.Build.0 = Debug|Any CPU
		{BCEEF8E0-0333-4A67-9BF7-691B8554EE58}.Debug|iPhoneSimulator.Deploy.0 = Debug|Any CPU
		{BCEEF8E0-0333-4A67-9BF7-691B8554EE58}.Release|Any CPU.ActiveCfg = Release|Any CPU
		{BCEEF8E0-0333-4A67-9BF7-691B8554EE58}.Release|Any CPU.Build.0 = Release|Any CPU
		{BCEEF8E0-0333-4A67-9BF7-691B8554EE58}.Release|Any CPU.Deploy.0 = Release|Any CPU
		{BCEEF8E0-0333-4A67-9BF7-691B8554EE58}.Release|iPhone.ActiveCfg = Release|Any CPU
		{BCEEF8E0-0333-4A67-9BF7-691B8554EE58}.Release|iPhone.Build.0 = Release|Any CPU
		{BCEEF8E0-0333-4A67-9BF7-691B8554EE58}.Release|iPhone.Deploy.0 = Release|Any CPU
		{BCEEF8E0-0333-4A67-9BF7-691B8554EE58}.Release|iPhoneSimulator.ActiveCfg = Release|Any CPU
		{BCEEF8E0-0333-4A67-9BF7-691B8554EE58}.Release|iPhoneSimulator.Build.0 = Release|Any CPU
		{BCEEF8E0-0333-4A67-9BF7-691B8554EE58}.Release|iPhoneSimulator.Deploy.0 = Release|Any CPU
		{F464FBCE-B7CA-42CF-961B-74B8A686E865}.Debug|Any CPU.ActiveCfg = Debug|iPhone
		{F464FBCE-B7CA-42CF-961B-74B8A686E865}.Debug|Any CPU.Build.0 = Debug|iPhone
		{F464FBCE-B7CA-42CF-961B-74B8A686E865}.Debug|Any CPU.Deploy.0 = Debug|iPhone
		{F464FBCE-B7CA-42CF-961B-74B8A686E865}.Debug|iPhone.ActiveCfg = Debug|iPhone
		{F464FBCE-B7CA-42CF-961B-74B8A686E865}.Debug|iPhone.Build.0 = Debug|iPhone
		{F464FBCE-B7CA-42CF-961B-74B8A686E865}.Debug|iPhone.Deploy.0 = Debug|iPhone
		{F464FBCE-B7CA-42CF-961B-74B8A686E865}.Debug|iPhoneSimulator.ActiveCfg = Debug|iPhoneSimulator
		{F464FBCE-B7CA-42CF-961B-74B8A686E865}.Debug|iPhoneSimulator.Build.0 = Debug|iPhoneSimulator
		{F464FBCE-B7CA-42CF-961B-74B8A686E865}.Debug|iPhoneSimulator.Deploy.0 = Debug|iPhoneSimulator
		{F464FBCE-B7CA-42CF-961B-74B8A686E865}.Release|Any CPU.ActiveCfg = Release|iPhoneSimulator
		{F464FBCE-B7CA-42CF-961B-74B8A686E865}.Release|Any CPU.Build.0 = Release|iPhoneSimulator
		{F464FBCE-B7CA-42CF-961B-74B8A686E865}.Release|Any CPU.Deploy.0 = Release|iPhoneSimulator
		{F464FBCE-B7CA-42CF-961B-74B8A686E865}.Release|iPhone.ActiveCfg = Release|iPhone
		{F464FBCE-B7CA-42CF-961B-74B8A686E865}.Release|iPhone.Build.0 = Release|iPhone
		{F464FBCE-B7CA-42CF-961B-74B8A686E865}.Release|iPhone.Deploy.0 = Release|iPhone
		{F464FBCE-B7CA-42CF-961B-74B8A686E865}.Release|iPhoneSimulator.ActiveCfg = Release|iPhoneSimulator
		{F464FBCE-B7CA-42CF-961B-74B8A686E865}.Release|iPhoneSimulator.Build.0 = Release|iPhoneSimulator
		{F464FBCE-B7CA-42CF-961B-74B8A686E865}.Release|iPhoneSimulator.Deploy.0 = Release|iPhoneSimulator
		{8B8E4D7E-4ED0-45C7-9FA3-1C75F5A3C2C4}.Debug|Any CPU.ActiveCfg = Debug|Any CPU
		{8B8E4D7E-4ED0-45C7-9FA3-1C75F5A3C2C4}.Debug|Any CPU.Build.0 = Debug|Any CPU
		{8B8E4D7E-4ED0-45C7-9FA3-1C75F5A3C2C4}.Debug|Any CPU.Deploy.0 = Debug|Any CPU
		{8B8E4D7E-4ED0-45C7-9FA3-1C75F5A3C2C4}.Debug|iPhone.ActiveCfg = Debug|Any CPU
		{8B8E4D7E-4ED0-45C7-9FA3-1C75F5A3C2C4}.Debug|iPhone.Build.0 = Debug|Any CPU
		{8B8E4D7E-4ED0-45C7-9FA3-1C75F5A3C2C4}.Debug|iPhone.Deploy.0 = Debug|Any CPU
		{8B8E4D7E-4ED0-45C7-9FA3-1C75F5A3C2C4}.Debug|iPhoneSimulator.ActiveCfg = Debug|Any CPU
		{8B8E4D7E-4ED0-45C7-9FA3-1C75F5A3C2C4}.Debug|iPhoneSimulator.Build.0 = Debug|Any CPU
		{8B8E4D7E-4ED0-45C7-9FA3-1C75F5A3C2C4}.Debug|iPhoneSimulator.Deploy.0 = Debug|Any CPU
		{8B8E4D7E-4ED0-45C7-9FA3-1C75F5A3C2C4}.Release|Any CPU.ActiveCfg = Release|Any CPU
		{8B8E4D7E-4ED0-45C7-9FA3-1C75F5A3C2C4}.Release|Any CPU.Build.0 = Release|Any CPU
		{8B8E4D7E-4ED0-45C7-9FA3-1C75F5A3C2C4}.Release|Any CPU.Deploy.0 = Release|Any CPU
		{8B8E4D7E-4ED0-45C7-9FA3-1C75F5A3C2C4}.Release|iPhone.ActiveCfg = Release|Any CPU
		{8B8E4D7E-4ED0-45C7-9FA3-1C75F5A3C2C4}.Release|iPhone.Build.0 = Release|Any CPU
		{8B8E4D7E-4ED0-45C7-9FA3-1C75F5A3C2C4}.Release|iPhone.Deploy.0 = Release|Any CPU
		{8B8E4D7E-4ED0-45C7-9FA3-1C75F5A3C2C4}.Release|iPhoneSimulator.ActiveCfg = Release|Any CPU
		{8B8E4D7E-4ED0-45C7-9FA3-1C75F5A3C2C4}.Release|iPhoneSimulator.Build.0 = Release|Any CPU
		{8B8E4D7E-4ED0-45C7-9FA3-1C75F5A3C2C4}.Release|iPhoneSimulator.Deploy.0 = Release|Any CPU
	EndGlobalSection
	GlobalSection(SolutionProperties) = preSolution
		HideSolutionNode = FALSE
	EndGlobalSection
	GlobalSection(ExtensibilityGlobals) = postSolution
		SolutionGuid = {CF9E39A2-93C5-4250-92ED-78C685AFBD08}
	EndGlobalSection
EndGlobal
